
Microsoft Visual Studio Solution File, Format Version 12.00
# Visual Studio Version 16
VisualStudioVersion = 16.0.30804.86
MinimumVisualStudioVersion = 10.0.40219.1
Project("{9A19103F-16F7-4668-BE54-9A1E7A4F7556}") = "TabooGame", "TabooGame\TabooGame.csproj", "{1AB0684E-B991-4B3D-9BBD-393AE18FFE27}"
EndProject
Global
	GlobalSection(SolutionConfigurationPlatforms) = preSolution
		Debug|Any CPU = Debug|Any CPU
		Release|Any CPU = Release|Any CPU
	EndGlobalSection
	GlobalSection(ProjectConfigurationPlatforms) = postSolution
		{1AB0684E-B991-4B3D-9BBD-393AE18FFE27}.Debug|Any CPU.ActiveCfg = Debug|Any CPU
		{1AB0684E-B991-4B3D-9BBD-393AE18FFE27}.Debug|Any CPU.Build.0 = Debug|Any CPU
		{1AB0684E-B991-4B3D-9BBD-393AE18FFE27}.Release|Any CPU.ActiveCfg = Release|Any CPU
		{1AB0684E-B991-4B3D-9BBD-393AE18FFE27}.Release|Any CPU.Build.0 = Release|Any CPU
	EndGlobalSection
	GlobalSection(SolutionProperties) = preSolution
		HideSolutionNode = FALSE
	EndGlobalSection
	GlobalSection(ExtensibilityGlobals) = postSolution
		SolutionGuid = {F35CF674-627D-4AD5-B35D-8D7E9DB0734C}
	EndGlobalSection
EndGlobal
